
Microsoft Visual Studio Solution File, Format Version 12.00
# Visual Studio Version 17
VisualStudioVersion = 17.4.33205.214
MinimumVisualStudioVersion = 10.0.40219.1
Project("{8BC9CEB8-8B4A-11D0-8D11-00A0C91BC942}") = "Titta", "Titta.vcxproj", "{E0F6948B-AE6E-4905-B683-D048B5FB9A70}"
EndProject
Project("{8BC9CEB8-8B4A-11D0-8D11-00A0C91BC942}") = "TittaMex", "TittaMex\TittaMex.vcxproj", "{F0B00318-68D1-4999-8C00-FC15154F1E23}"
	ProjectSection(ProjectDependencies) = postProject
		{E0F6948B-AE6E-4905-B683-D048B5FB9A70} = {E0F6948B-AE6E-4905-B683-D048B5FB9A70}
	EndProjectSection
EndProject
Project("{8BC9CEB8-8B4A-11D0-8D11-00A0C91BC942}") = "TittaPy_cpp", "TittaPy\TittaPy_cpp.vcxproj", "{2C6137C2-382B-4A3E-B06D-38DC4F6E5EE7}"
	ProjectSection(ProjectDependencies) = postProject
		{E0F6948B-AE6E-4905-B683-D048B5FB9A70} = {E0F6948B-AE6E-4905-B683-D048B5FB9A70}
	EndProjectSection
EndProject
Project("{888888A0-9F3D-457C-B088-3A5042F75D52}") = "TittaPy_py", "TittaPy\TittaPy_py.pyproj", "{45FABE76-C9B7-495C-8487-39D9DC383C06}"
EndProject
Project("{8BC9CEB8-8B4A-11D0-8D11-00A0C91BC942}") = "Titta_websocket", "Titta_websocket\websocket.vcxproj", "{86C6E5FE-8DAA-4C2F-898B-AB77BC38A767}"
	ProjectSection(ProjectDependencies) = postProject
		{E0F6948B-AE6E-4905-B683-D048B5FB9A70} = {E0F6948B-AE6E-4905-B683-D048B5FB9A70}
	EndProjectSection
EndProject
Project("{8BC9CEB8-8B4A-11D0-8D11-00A0C91BC942}") = "TittaLSL", "..\LSL_streamer\TittaLSL.vcxproj", "{C86B8529-65A4-4727-A94F-35DDC464350F}"
	ProjectSection(ProjectDependencies) = postProject
		{E0F6948B-AE6E-4905-B683-D048B5FB9A70} = {E0F6948B-AE6E-4905-B683-D048B5FB9A70}
	EndProjectSection
EndProject
Project("{2150E333-8FDC-42A3-9474-1A3956D46DE8}") = "LSL", "LSL", "{BF3DDBAE-8EB4-48FA-B32A-B30B7A83EAC6}"
EndProject
Project("{8BC9CEB8-8B4A-11D0-8D11-00A0C91BC942}") = "cppLSLTest", "..\LSL_streamer\cppLSLTest\cppLSLTest.vcxproj", "{5E258B04-1EA2-4051-8B69-AD85FE0A0554}"
	ProjectSection(ProjectDependencies) = postProject
		{C86B8529-65A4-4727-A94F-35DDC464350F} = {C86B8529-65A4-4727-A94F-35DDC464350F}
		{E0F6948B-AE6E-4905-B683-D048B5FB9A70} = {E0F6948B-AE6E-4905-B683-D048B5FB9A70}
	EndProjectSection
EndProject
Project("{8BC9CEB8-8B4A-11D0-8D11-00A0C91BC942}") = "TittaLSLMex", "..\LSL_streamer\TittaLSLMEX\TittaLSLMex.vcxproj", "{6BFD8CDB-B2F3-4917-BC23-3273444ED97B}"
	ProjectSection(ProjectDependencies) = postProject
		{C86B8529-65A4-4727-A94F-35DDC464350F} = {C86B8529-65A4-4727-A94F-35DDC464350F}
		{E0F6948B-AE6E-4905-B683-D048B5FB9A70} = {E0F6948B-AE6E-4905-B683-D048B5FB9A70}
	EndProjectSection
EndProject
Project("{8BC9CEB8-8B4A-11D0-8D11-00A0C91BC942}") = "TittaLSLPy_cpp", "..\LSL_streamer\TittaLSLPy\TittaLSLPy_cpp.vcxproj", "{457A8BB7-DB7C-45E3-9D8E-B6325B11B265}"
	ProjectSection(ProjectDependencies) = postProject
		{2C6137C2-382B-4A3E-B06D-38DC4F6E5EE7} = {2C6137C2-382B-4A3E-B06D-38DC4F6E5EE7}
		{C86B8529-65A4-4727-A94F-35DDC464350F} = {C86B8529-65A4-4727-A94F-35DDC464350F}
		{E0F6948B-AE6E-4905-B683-D048B5FB9A70} = {E0F6948B-AE6E-4905-B683-D048B5FB9A70}
	EndProjectSection
EndProject
Global
	GlobalSection(SolutionConfigurationPlatforms) = preSolution
		Debug|Any CPU = Debug|Any CPU
		Debug|x64 = Debug|x64
		Debug|x86 = Debug|x86
		Release|Any CPU = Release|Any CPU
		Release|x64 = Release|x64
		Release|x86 = Release|x86
	EndGlobalSection
	GlobalSection(ProjectConfigurationPlatforms) = postSolution
		{E0F6948B-AE6E-4905-B683-D048B5FB9A70}.Debug|Any CPU.ActiveCfg = Debug|x64
		{E0F6948B-AE6E-4905-B683-D048B5FB9A70}.Debug|x64.ActiveCfg = Debug|x64
		{E0F6948B-AE6E-4905-B683-D048B5FB9A70}.Debug|x64.Build.0 = Debug|x64
		{E0F6948B-AE6E-4905-B683-D048B5FB9A70}.Debug|x86.ActiveCfg = Debug|x64
		{E0F6948B-AE6E-4905-B683-D048B5FB9A70}.Debug|x86.Build.0 = Debug|x64
		{E0F6948B-AE6E-4905-B683-D048B5FB9A70}.Release|Any CPU.ActiveCfg = Release|x64
		{E0F6948B-AE6E-4905-B683-D048B5FB9A70}.Release|x64.ActiveCfg = Release|x64
		{E0F6948B-AE6E-4905-B683-D048B5FB9A70}.Release|x64.Build.0 = Release|x64
		{E0F6948B-AE6E-4905-B683-D048B5FB9A70}.Release|x86.ActiveCfg = Release|x64
		{E0F6948B-AE6E-4905-B683-D048B5FB9A70}.Release|x86.Build.0 = Release|x64
		{F0B00318-68D1-4999-8C00-FC15154F1E23}.Debug|Any CPU.ActiveCfg = Debug|x64
		{F0B00318-68D1-4999-8C00-FC15154F1E23}.Debug|x64.ActiveCfg = Debug|x64
		{F0B00318-68D1-4999-8C00-FC15154F1E23}.Debug|x64.Build.0 = Debug|x64
		{F0B00318-68D1-4999-8C00-FC15154F1E23}.Debug|x86.ActiveCfg = Debug|x64
		{F0B00318-68D1-4999-8C00-FC15154F1E23}.Debug|x86.Build.0 = Debug|x64
		{F0B00318-68D1-4999-8C00-FC15154F1E23}.Release|Any CPU.ActiveCfg = Release|x64
		{F0B00318-68D1-4999-8C00-FC15154F1E23}.Release|x64.ActiveCfg = Release|x64
		{F0B00318-68D1-4999-8C00-FC15154F1E23}.Release|x64.Build.0 = Release|x64
		{F0B00318-68D1-4999-8C00-FC15154F1E23}.Release|x86.ActiveCfg = Release|x64
		{F0B00318-68D1-4999-8C00-FC15154F1E23}.Release|x86.Build.0 = Release|x64
		{2C6137C2-382B-4A3E-B06D-38DC4F6E5EE7}.Debug|Any CPU.ActiveCfg = Debug|x64
		{2C6137C2-382B-4A3E-B06D-38DC4F6E5EE7}.Debug|x64.ActiveCfg = Debug|x64
		{2C6137C2-382B-4A3E-B06D-38DC4F6E5EE7}.Debug|x64.Build.0 = Debug|x64
		{2C6137C2-382B-4A3E-B06D-38DC4F6E5EE7}.Debug|x86.ActiveCfg = Debug|x64
		{2C6137C2-382B-4A3E-B06D-38DC4F6E5EE7}.Debug|x86.Build.0 = Debug|x64
		{2C6137C2-382B-4A3E-B06D-38DC4F6E5EE7}.Release|Any CPU.ActiveCfg = Release|x64
		{2C6137C2-382B-4A3E-B06D-38DC4F6E5EE7}.Release|x64.ActiveCfg = Release|x64
		{2C6137C2-382B-4A3E-B06D-38DC4F6E5EE7}.Release|x64.Build.0 = Release|x64
		{2C6137C2-382B-4A3E-B06D-38DC4F6E5EE7}.Release|x86.ActiveCfg = Release|x64
		{2C6137C2-382B-4A3E-B06D-38DC4F6E5EE7}.Release|x86.Build.0 = Release|x64
		{45FABE76-C9B7-495C-8487-39D9DC383C06}.Debug|Any CPU.ActiveCfg = Debug|Any CPU
		{45FABE76-C9B7-495C-8487-39D9DC383C06}.Debug|x64.ActiveCfg = Debug|Any CPU
		{45FABE76-C9B7-495C-8487-39D9DC383C06}.Debug|x86.ActiveCfg = Debug|Any CPU
		{45FABE76-C9B7-495C-8487-39D9DC383C06}.Release|Any CPU.ActiveCfg = Release|Any CPU
		{45FABE76-C9B7-495C-8487-39D9DC383C06}.Release|x64.ActiveCfg = Release|Any CPU
		{45FABE76-C9B7-495C-8487-39D9DC383C06}.Release|x86.ActiveCfg = Release|Any CPU
		{86C6E5FE-8DAA-4C2F-898B-AB77BC38A767}.Debug|Any CPU.ActiveCfg = Debug|x64
		{86C6E5FE-8DAA-4C2F-898B-AB77BC38A767}.Debug|x64.ActiveCfg = Debug|x64
		{86C6E5FE-8DAA-4C2F-898B-AB77BC38A767}.Debug|x86.ActiveCfg = Debug|x64
		{86C6E5FE-8DAA-4C2F-898B-AB77BC38A767}.Debug|x86.Build.0 = Debug|x64
		{86C6E5FE-8DAA-4C2F-898B-AB77BC38A767}.Release|Any CPU.ActiveCfg = Release|x64
		{86C6E5FE-8DAA-4C2F-898B-AB77BC38A767}.Release|x64.ActiveCfg = Release|x64
		{86C6E5FE-8DAA-4C2F-898B-AB77BC38A767}.Release|x86.ActiveCfg = Release|x64
		{86C6E5FE-8DAA-4C2F-898B-AB77BC38A767}.Release|x86.Build.0 = Release|x64
		{C86B8529-65A4-4727-A94F-35DDC464350F}.Debug|Any CPU.ActiveCfg = Debug|x64
		{C86B8529-65A4-4727-A94F-35DDC464350F}.Debug|Any CPU.Build.0 = Debug|x64
		{C86B8529-65A4-4727-A94F-35DDC464350F}.Debug|x64.ActiveCfg = Debug|x64
		{C86B8529-65A4-4727-A94F-35DDC464350F}.Debug|x64.Build.0 = Debug|x64
		{C86B8529-65A4-4727-A94F-35DDC464350F}.Debug|x86.ActiveCfg = Debug|Win32
		{C86B8529-65A4-4727-A94F-35DDC464350F}.Debug|x86.Build.0 = Debug|Win32
		{C86B8529-65A4-4727-A94F-35DDC464350F}.Release|Any CPU.ActiveCfg = Release|x64
		{C86B8529-65A4-4727-A94F-35DDC464350F}.Release|Any CPU.Build.0 = Release|x64
		{C86B8529-65A4-4727-A94F-35DDC464350F}.Release|x64.ActiveCfg = Release|x64
		{C86B8529-65A4-4727-A94F-35DDC464350F}.Release|x64.Build.0 = Release|x64
		{C86B8529-65A4-4727-A94F-35DDC464350F}.Release|x86.ActiveCfg = Release|Win32
		{C86B8529-65A4-4727-A94F-35DDC464350F}.Release|x86.Build.0 = Release|Win32
		{5E258B04-1EA2-4051-8B69-AD85FE0A0554}.Debug|Any CPU.ActiveCfg = Debug|x64
		{5E258B04-1EA2-4051-8B69-AD85FE0A0554}.Debug|Any CPU.Build.0 = Debug|x64
		{5E258B04-1EA2-4051-8B69-AD85FE0A0554}.Debug|x64.ActiveCfg = Debug|x64
		{5E258B04-1EA2-4051-8B69-AD85FE0A0554}.Debug|x64.Build.0 = Debug|x64
		{5E258B04-1EA2-4051-8B69-AD85FE0A0554}.Debug|x86.ActiveCfg = Debug|Win32
		{5E258B04-1EA2-4051-8B69-AD85FE0A0554}.Debug|x86.Build.0 = Debug|Win32
		{5E258B04-1EA2-4051-8B69-AD85FE0A0554}.Release|Any CPU.ActiveCfg = Release|x64
		{5E258B04-1EA2-4051-8B69-AD85FE0A0554}.Release|Any CPU.Build.0 = Release|x64
		{5E258B04-1EA2-4051-8B69-AD85FE0A0554}.Release|x64.ActiveCfg = Release|x64
		{5E258B04-1EA2-4051-8B69-AD85FE0A0554}.Release|x64.Build.0 = Release|x64
		{5E258B04-1EA2-4051-8B69-AD85FE0A0554}.Release|x86.ActiveCfg = Release|Win32
		{5E258B04-1EA2-4051-8B69-AD85FE0A0554}.Release|x86.Build.0 = Release|Win32
		{6BFD8CDB-B2F3-4917-BC23-3273444ED97B}.Debug|Any CPU.ActiveCfg = Debug|x64
		{6BFD8CDB-B2F3-4917-BC23-3273444ED97B}.Debug|Any CPU.Build.0 = Debug|x64
		{6BFD8CDB-B2F3-4917-BC23-3273444ED97B}.Debug|x64.ActiveCfg = Debug|x64
		{6BFD8CDB-B2F3-4917-BC23-3273444ED97B}.Debug|x64.Build.0 = Debug|x64
		{6BFD8CDB-B2F3-4917-BC23-3273444ED97B}.Debug|x86.ActiveCfg = Debug|Win32
		{6BFD8CDB-B2F3-4917-BC23-3273444ED97B}.Debug|x86.Build.0 = Debug|Win32
		{6BFD8CDB-B2F3-4917-BC23-3273444ED97B}.Release|Any CPU.ActiveCfg = Release|x64
		{6BFD8CDB-B2F3-4917-BC23-3273444ED97B}.Release|Any CPU.Build.0 = Release|x64
		{6BFD8CDB-B2F3-4917-BC23-3273444ED97B}.Release|x64.ActiveCfg = Release|x64
		{6BFD8CDB-B2F3-4917-BC23-3273444ED97B}.Release|x64.Build.0 = Release|x64
		{6BFD8CDB-B2F3-4917-BC23-3273444ED97B}.Release|x86.ActiveCfg = Release|Win32
		{6BFD8CDB-B2F3-4917-BC23-3273444ED97B}.Release|x86.Build.0 = Release|Win32
		{457A8BB7-DB7C-45E3-9D8E-B6325B11B265}.Debug|Any CPU.ActiveCfg = Debug|x64
		{457A8BB7-DB7C-45E3-9D8E-B6325B11B265}.Debug|Any CPU.Build.0 = Debug|x64
		{457A8BB7-DB7C-45E3-9D8E-B6325B11B265}.Debug|x64.ActiveCfg = Debug|x64
		{457A8BB7-DB7C-45E3-9D8E-B6325B11B265}.Debug|x64.Build.0 = Debug|x64
		{457A8BB7-DB7C-45E3-9D8E-B6325B11B265}.Debug|x86.ActiveCfg = Debug|x64
		{457A8BB7-DB7C-45E3-9D8E-B6325B11B265}.Debug|x86.Build.0 = Debug|x64
		{457A8BB7-DB7C-45E3-9D8E-B6325B11B265}.Release|Any CPU.ActiveCfg = Release|x64
		{457A8BB7-DB7C-45E3-9D8E-B6325B11B265}.Release|Any CPU.Build.0 = Release|x64
		{457A8BB7-DB7C-45E3-9D8E-B6325B11B265}.Release|x64.ActiveCfg = Release|x64
		{457A8BB7-DB7C-45E3-9D8E-B6325B11B265}.Release|x64.Build.0 = Release|x64
		{457A8BB7-DB7C-45E3-9D8E-B6325B11B265}.Release|x86.ActiveCfg = Release|x64
		{457A8BB7-DB7C-45E3-9D8E-B6325B11B265}.Release|x86.Build.0 = Release|x64
	EndGlobalSection
	GlobalSection(SolutionProperties) = preSolution
		HideSolutionNode = FALSE
	EndGlobalSection
	GlobalSection(NestedProjects) = preSolution
		{C86B8529-65A4-4727-A94F-35DDC464350F} = {BF3DDBAE-8EB4-48FA-B32A-B30B7A83EAC6}
		{5E258B04-1EA2-4051-8B69-AD85FE0A0554} = {BF3DDBAE-8EB4-48FA-B32A-B30B7A83EAC6}
		{6BFD8CDB-B2F3-4917-BC23-3273444ED97B} = {BF3DDBAE-8EB4-48FA-B32A-B30B7A83EAC6}
		{457A8BB7-DB7C-45E3-9D8E-B6325B11B265} = {BF3DDBAE-8EB4-48FA-B32A-B30B7A83EAC6}
	EndGlobalSection
	GlobalSection(ExtensibilityGlobals) = postSolution
		SolutionGuid = {223FBD14-6DFB-4D26-8C4F-462808CA9D88}
	EndGlobalSection
EndGlobal
