<?xml version="1.0" encoding="utf-8"?>
<Project ToolsVersion="4.0" xmlns="http://schemas.microsoft.com/developer/msbuild/2003">
  <ItemGroup>
    <Filter Include="Source Files">
      <UniqueIdentifier>{4FC737F1-C7A5-4376-A066-2A32D752A2FF}</UniqueIdentifier>
      <Extensions>cpp;c;cc;cxx;c++;cppm;ixx;def;odl;idl;hpj;bat;asm;asmx</Extensions>
    </Filter>
    <Filter Include="Header Files">
      <UniqueIdentifier>{93995380-89BD-4b04-88EB-625FBE52EBFB}</UniqueIdentifier>
      <Extensions>h;hh;hpp;hxx;h++;hm;inl;inc;ipp;xsd</Extensions>
    </Filter>
    <Filter Include="Resource Files">
      <UniqueIdentifier>{67DA6AB6-F800-4c08-8B7A-83BB121AAD01}</UniqueIdentifier>
      <Extensions>rc;ico;cur;bmp;dlg;rc2;rct;bin;rgs;gif;jpg;jpeg;jpe;resx;tiff;tif;png;wav;mfcribbon-ms</Extensions>
    </Filter>
    <Filter Include="Header Files\cpp_mex_helpers">
      <UniqueIdentifier>{51f93265-f06d-4134-afb5-0df78632a27d}</UniqueIdentifier>
    </Filter>
    <Filter Include="m-files">
      <UniqueIdentifier>{273c8c56-01ce-4960-af56-f03d38e60ed7}</UniqueIdentifier>
    </Filter>
    <Filter Include="m-files\+detail">
      <UniqueIdentifier>{49e0803c-467f-44ca-a390-9f6c448bf7be}</UniqueIdentifier>
    </Filter>
  </ItemGroup>
  <ItemGroup>
    <ClInclude Include="..\..\SDK_wrapper\deps\include\cpp_mex_helpers\always_false.h">
      <Filter>Header Files\cpp_mex_helpers</Filter>
    </ClInclude>
    <ClInclude Include="..\..\SDK_wrapper\deps\include\cpp_mex_helpers\get_field_nested.h">
      <Filter>Header Files\cpp_mex_helpers</Filter>
    </ClInclude>
    <ClInclude Include="..\..\SDK_wrapper\deps\include\cpp_mex_helpers\include_matlab.h">
      <Filter>Header Files\cpp_mex_helpers</Filter>
    </ClInclude>
    <ClInclude Include="..\..\SDK_wrapper\deps\include\cpp_mex_helpers\invocable_traits.h">
      <Filter>Header Files\cpp_mex_helpers</Filter>
    </ClInclude>
    <ClInclude Include="..\..\SDK_wrapper\deps\include\cpp_mex_helpers\is_container_trait.h">
      <Filter>Header Files\cpp_mex_helpers</Filter>
    </ClInclude>
    <ClInclude Include="..\..\SDK_wrapper\deps\include\cpp_mex_helpers\is_specialization_trait.h">
      <Filter>Header Files\cpp_mex_helpers</Filter>
    </ClInclude>
    <ClInclude Include="..\..\SDK_wrapper\deps\include\cpp_mex_helpers\mem_var_trait.h">
      <Filter>Header Files\cpp_mex_helpers</Filter>
    </ClInclude>
    <ClInclude Include="..\..\SDK_wrapper\deps\include\cpp_mex_helpers\mex_input_getter.h">
      <Filter>Header Files\cpp_mex_helpers</Filter>
    </ClInclude>
    <ClInclude Include="..\..\SDK_wrapper\deps\include\cpp_mex_helpers\mex_type_utils.h">
      <Filter>Header Files\cpp_mex_helpers</Filter>
    </ClInclude>
    <ClInclude Include="..\..\SDK_wrapper\deps\include\cpp_mex_helpers\mex_type_utils_fwd.h">
      <Filter>Header Files\cpp_mex_helpers</Filter>
    </ClInclude>
    <ClInclude Include="..\..\SDK_wrapper\deps\include\cpp_mex_helpers\pack_utils.h">
      <Filter>Header Files\cpp_mex_helpers</Filter>
    </ClInclude>
    <ClInclude Include="..\..\SDK_wrapper\deps\include\cpp_mex_helpers\replace_specialization_type.h">
      <Filter>Header Files\cpp_mex_helpers</Filter>
    </ClInclude>
    <ClInclude Include="..\..\SDK_wrapper\deps\include\tobii_elem_count.h">
      <Filter>Header Files</Filter>
    </ClInclude>
  </ItemGroup>
  <ItemGroup>
    <None Include="+TittaLSL\Receiver.m">
      <Filter>m-files</Filter>
    </None>
    <None Include="+TittaLSL\Sender.m">
      <Filter>m-files</Filter>
    </None>
    <None Include="+TittaLSL\+detail\Base.m">
      <Filter>m-files\+detail</Filter>
    </None>
  </ItemGroup>
  <ItemGroup>
    <ClCompile Include="TittaLSLMex.cpp">
      <Filter>Source Files</Filter>
    </ClCompile>
  </ItemGroup>
</Project>