
Microsoft Visual Studio Solution File, Format Version 12.00
# Visual Studio Version 16
VisualStudioVersion = 16.0.29609.76
MinimumVisualStudioVersion = 10.0.40219.1
Project("{8BC9CEB8-8B4A-11D0-8D11-00A0C91BC942}") = "Titta", "Titta.vcxproj", "{E0F6948B-AE6E-4905-B683-D048B5FB9A70}"
EndProject
Project("{8BC9CEB8-8B4A-11D0-8D11-00A0C91BC942}") = "TittaMex", "TittaMex\TittaMex.vcxproj", "{F0B00318-68D1-4999-8C00-FC15154F1E23}"
	ProjectSection(ProjectDependencies) = postProject
		{E0F6948B-AE6E-4905-B683-D048B5FB9A70} = {E0F6948B-AE6E-4905-B683-D048B5FB9A70}
	EndProjectSection
EndProject
Project("{8BC9CEB8-8B4A-11D0-8D11-00A0C91BC942}") = "TobiiWrapper_cpp", "TobiiWrapper\TobiiWrapper_cpp.vcxproj", "{2C6137C2-382B-4A3E-B06D-38DC4F6E5EE7}"
	ProjectSection(ProjectDependencies) = postProject
		{E0F6948B-AE6E-4905-B683-D048B5FB9A70} = {E0F6948B-AE6E-4905-B683-D048B5FB9A70}
	EndProjectSection
EndProject
Project("{888888A0-9F3D-457C-B088-3A5042F75D52}") = "TobiiWrapper_py", "TobiiWrapper\TobiiWrapper_py.pyproj", "{45FABE76-C9B7-495C-8487-39D9DC383C06}"
EndProject
Project("{8BC9CEB8-8B4A-11D0-8D11-00A0C91BC942}") = "Titta_websocket", "Titta_websocket\websocket.vcxproj", "{86C6E5FE-8DAA-4C2F-898B-AB77BC38A767}"
	ProjectSection(ProjectDependencies) = postProject
		{E0F6948B-AE6E-4905-B683-D048B5FB9A70} = {E0F6948B-AE6E-4905-B683-D048B5FB9A70}
	EndProjectSection
EndProject
Global
	GlobalSection(SolutionConfigurationPlatforms) = preSolution
		Debug|Any CPU = Debug|Any CPU
		Debug|x64 = Debug|x64
		Release|Any CPU = Release|Any CPU
		Release|x64 = Release|x64
	EndGlobalSection
	GlobalSection(ProjectConfigurationPlatforms) = postSolution
		{E0F6948B-AE6E-4905-B683-D048B5FB9A70}.Debug|Any CPU.ActiveCfg = Debug|x64
		{E0F6948B-AE6E-4905-B683-D048B5FB9A70}.Debug|x64.ActiveCfg = Debug|x64
		{E0F6948B-AE6E-4905-B683-D048B5FB9A70}.Debug|x64.Build.0 = Debug|x64
		{E0F6948B-AE6E-4905-B683-D048B5FB9A70}.Release|Any CPU.ActiveCfg = Release|x64
		{E0F6948B-AE6E-4905-B683-D048B5FB9A70}.Release|x64.ActiveCfg = Release|x64
		{E0F6948B-AE6E-4905-B683-D048B5FB9A70}.Release|x64.Build.0 = Release|x64
		{F0B00318-68D1-4999-8C00-FC15154F1E23}.Debug|Any CPU.ActiveCfg = Debug|x64
		{F0B00318-68D1-4999-8C00-FC15154F1E23}.Debug|x64.ActiveCfg = Debug|x64
		{F0B00318-68D1-4999-8C00-FC15154F1E23}.Debug|x64.Build.0 = Debug|x64
		{F0B00318-68D1-4999-8C00-FC15154F1E23}.Release|Any CPU.ActiveCfg = Release|x64
		{F0B00318-68D1-4999-8C00-FC15154F1E23}.Release|x64.ActiveCfg = Release|x64
		{F0B00318-68D1-4999-8C00-FC15154F1E23}.Release|x64.Build.0 = Release|x64
		{2C6137C2-382B-4A3E-B06D-38DC4F6E5EE7}.Debug|Any CPU.ActiveCfg = Debug|x64
		{2C6137C2-382B-4A3E-B06D-38DC4F6E5EE7}.Debug|x64.ActiveCfg = Debug|x64
		{2C6137C2-382B-4A3E-B06D-38DC4F6E5EE7}.Release|Any CPU.ActiveCfg = Release|x64
		{2C6137C2-382B-4A3E-B06D-38DC4F6E5EE7}.Release|x64.ActiveCfg = Release|x64
		{45FABE76-C9B7-495C-8487-39D9DC383C06}.Debug|Any CPU.ActiveCfg = Debug|Any CPU
		{45FABE76-C9B7-495C-8487-39D9DC383C06}.Debug|x64.ActiveCfg = Debug|Any CPU
		{45FABE76-C9B7-495C-8487-39D9DC383C06}.Release|Any CPU.ActiveCfg = Release|Any CPU
		{45FABE76-C9B7-495C-8487-39D9DC383C06}.Release|x64.ActiveCfg = Release|Any CPU
		{86C6E5FE-8DAA-4C2F-898B-AB77BC38A767}.Debug|Any CPU.ActiveCfg = Debug|x64
		{86C6E5FE-8DAA-4C2F-898B-AB77BC38A767}.Debug|x64.ActiveCfg = Debug|x64
		{86C6E5FE-8DAA-4C2F-898B-AB77BC38A767}.Release|Any CPU.ActiveCfg = Release|x64
		{86C6E5FE-8DAA-4C2F-898B-AB77BC38A767}.Release|x64.ActiveCfg = Release|x64
	EndGlobalSection
	GlobalSection(SolutionProperties) = preSolution
		HideSolutionNode = FALSE
	EndGlobalSection
	GlobalSection(ExtensibilityGlobals) = postSolution
		SolutionGuid = {223FBD14-6DFB-4D26-8C4F-462808CA9D88}
	EndGlobalSection
EndGlobal
